
Microsoft Visual Studio Solution File, Format Version 12.00
# Visual Studio 15
VisualStudioVersion = 15.0.28010.2041
MinimumVisualStudioVersion = 10.0.40219.1
Project("{FAE04EC0-301F-11D3-BF4B-00C04F79EFBC}") = "SendEmailCore", "SendEmailCore\SendEmailCore.csproj", "{A7370E43-D4E1-4DBD-B31A-893299A28167}"
EndProject
Global
	GlobalSection(SolutionConfigurationPlatforms) = preSolution
		Debug|Any CPU = Debug|Any CPU
		Release|Any CPU = Release|Any CPU
	EndGlobalSection
	GlobalSection(ProjectConfigurationPlatforms) = postSolution
		{A7370E43-D4E1-4DBD-B31A-893299A28167}.Debug|Any CPU.ActiveCfg = Debug|Any CPU
		{A7370E43-D4E1-4DBD-B31A-893299A28167}.Debug|Any CPU.Build.0 = Debug|Any CPU
		{A7370E43-D4E1-4DBD-B31A-893299A28167}.Release|Any CPU.ActiveCfg = Release|Any CPU
		{A7370E43-D4E1-4DBD-B31A-893299A28167}.Release|Any CPU.Build.0 = Release|Any CPU
	EndGlobalSection
	GlobalSection(SolutionProperties) = preSolution
		HideSolutionNode = FALSE
	EndGlobalSection
	GlobalSection(ExtensibilityGlobals) = postSolution
		SolutionGuid = {20EEE819-C18B-4A4B-A954-0D7529899B74}
	EndGlobalSection
EndGlobal
